// !$*UTF8*$!
{
	archiveVersion = 1;
	classes = {
	};
	objectVersion = 50;
	objects = {

/* Begin PBXBuildFile section */
		24B95A63CC2028747C5FE64C /* Pods_PockemonTests.framework in Frameworks */ = {isa = PBXBuildFile; fileRef = 8F1539F85E284C51FB81E645 /* Pods_PockemonTests.framework */; };
		2E10F82E373B7A6A7537B0A3 /* Pods_PockemonUITests.framework in Frameworks */ = {isa = PBXBuildFile; fileRef = 0BC561F1A16F324B71B68A01 /* Pods_PockemonUITests.framework */; };
		A778BEF72228C7D400DCC82D /* AppDelegate.swift in Sources */ = {isa = PBXBuildFile; fileRef = A778BEF62228C7D400DCC82D /* AppDelegate.swift */; };
		A778BEF92228C7D400DCC82D /* ViewController.swift in Sources */ = {isa = PBXBuildFile; fileRef = A778BEF82228C7D400DCC82D /* ViewController.swift */; };
		A778BEFC2228C7D400DCC82D /* Main.storyboard in Resources */ = {isa = PBXBuildFile; fileRef = A778BEFA2228C7D400DCC82D /* Main.storyboard */; };
		A778BEFE2228C7D500DCC82D /* Assets.xcassets in Resources */ = {isa = PBXBuildFile; fileRef = A778BEFD2228C7D500DCC82D /* Assets.xcassets */; };
		A778BF012228C7D500DCC82D /* LaunchScreen.storyboard in Resources */ = {isa = PBXBuildFile; fileRef = A778BEFF2228C7D500DCC82D /* LaunchScreen.storyboard */; };
		A778BF0C2228C7D500DCC82D /* PockemonTests.swift in Sources */ = {isa = PBXBuildFile; fileRef = A778BF0B2228C7D500DCC82D /* PockemonTests.swift */; };
		A778BF172228C7D600DCC82D /* PockemonUITests.swift in Sources */ = {isa = PBXBuildFile; fileRef = A778BF162228C7D600DCC82D /* PockemonUITests.swift */; };
		A778BF272228F3E000DCC82D /* Pockemon.swift in Sources */ = {isa = PBXBuildFile; fileRef = A778BF262228F3E000DCC82D /* Pockemon.swift */; };
		BBB24CFB7FEDEC76B0AAF08E /* Pods_Pockemon.framework in Frameworks */ = {isa = PBXBuildFile; fileRef = DC5333F4B04D9CAE05F4D24E /* Pods_Pockemon.framework */; };
/* End PBXBuildFile section */

/* Begin PBXContainerItemProxy section */
		A778BF082228C7D500DCC82D /* PBXContainerItemProxy */ = {
			isa = PBXContainerItemProxy;
			containerPortal = A778BEEB2228C7D400DCC82D /* Project object */;
			proxyType = 1;
			remoteGlobalIDString = A778BEF22228C7D400DCC82D;
			remoteInfo = Pockemon;
		};
		A778BF132228C7D600DCC82D /* PBXContainerItemProxy */ = {
			isa = PBXContainerItemProxy;
			containerPortal = A778BEEB2228C7D400DCC82D /* Project object */;
			proxyType = 1;
			remoteGlobalIDString = A778BEF22228C7D400DCC82D;
			remoteInfo = Pockemon;
		};
/* End PBXContainerItemProxy section */

/* Begin PBXFileReference section */
		0BC561F1A16F324B71B68A01 /* Pods_PockemonUITests.framework */ = {isa = PBXFileReference; explicitFileType = wrapper.framework; includeInIndex = 0; path = Pods_PockemonUITests.framework; sourceTree = BUILT_PRODUCTS_DIR; };
		8F1539F85E284C51FB81E645 /* Pods_PockemonTests.framework */ = {isa = PBXFileReference; explicitFileType = wrapper.framework; includeInIndex = 0; path = Pods_PockemonTests.framework; sourceTree = BUILT_PRODUCTS_DIR; };
		9107D5A2958C59E4967AC47B /* Pods-PockemonTests.debug.xcconfig */ = {isa = PBXFileReference; includeInIndex = 1; lastKnownFileType = text.xcconfig; name = "Pods-PockemonTests.debug.xcconfig"; path = "Target Support Files/Pods-PockemonTests/Pods-PockemonTests.debug.xcconfig"; sourceTree = "<group>"; };
		9A388BBF4B9CE216E734269A /* Pods-PockemonTests.release.xcconfig */ = {isa = PBXFileReference; includeInIndex = 1; lastKnownFileType = text.xcconfig; name = "Pods-PockemonTests.release.xcconfig"; path = "Target Support Files/Pods-PockemonTests/Pods-PockemonTests.release.xcconfig"; sourceTree = "<group>"; };
		9B968DB0300FFADE264B2A36 /* Pods-PockemonUITests.debug.xcconfig */ = {isa = PBXFileReference; includeInIndex = 1; lastKnownFileType = text.xcconfig; name = "Pods-PockemonUITests.debug.xcconfig"; path = "Target Support Files/Pods-PockemonUITests/Pods-PockemonUITests.debug.xcconfig"; sourceTree = "<group>"; };
		A57D0B99DFC31FBE08762646 /* Pods-Pockemon.release.xcconfig */ = {isa = PBXFileReference; includeInIndex = 1; lastKnownFileType = text.xcconfig; name = "Pods-Pockemon.release.xcconfig"; path = "Target Support Files/Pods-Pockemon/Pods-Pockemon.release.xcconfig"; sourceTree = "<group>"; };
		A778BEF32228C7D400DCC82D /* Pockemon.app */ = {isa = PBXFileReference; explicitFileType = wrapper.application; includeInIndex = 0; path = Pockemon.app; sourceTree = BUILT_PRODUCTS_DIR; };
		A778BEF62228C7D400DCC82D /* AppDelegate.swift */ = {isa = PBXFileReference; lastKnownFileType = sourcecode.swift; path = AppDelegate.swift; sourceTree = "<group>"; };
		A778BEF82228C7D400DCC82D /* ViewController.swift */ = {isa = PBXFileReference; lastKnownFileType = sourcecode.swift; path = ViewController.swift; sourceTree = "<group>"; };
		A778BEFB2228C7D400DCC82D /* Base */ = {isa = PBXFileReference; lastKnownFileType = file.storyboard; name = Base; path = Base.lproj/Main.storyboard; sourceTree = "<group>"; };
		A778BEFD2228C7D500DCC82D /* Assets.xcassets */ = {isa = PBXFileReference; lastKnownFileType = folder.assetcatalog; path = Assets.xcassets; sourceTree = "<group>"; };
		A778BF002228C7D500DCC82D /* Base */ = {isa = PBXFileReference; lastKnownFileType = file.storyboard; name = Base; path = Base.lproj/LaunchScreen.storyboard; sourceTree = "<group>"; };
		A778BF022228C7D500DCC82D /* Info.plist */ = {isa = PBXFileReference; lastKnownFileType = text.plist.xml; path = Info.plist; sourceTree = "<group>"; };
		A778BF072228C7D500DCC82D /* PockemonTests.xctest */ = {isa = PBXFileReference; explicitFileType = wrapper.cfbundle; includeInIndex = 0; path = PockemonTests.xctest; sourceTree = BUILT_PRODUCTS_DIR; };
		A778BF0B2228C7D500DCC82D /* PockemonTests.swift */ = {isa = PBXFileReference; lastKnownFileType = sourcecode.swift; path = PockemonTests.swift; sourceTree = "<group>"; };
		A778BF0D2228C7D500DCC82D /* Info.plist */ = {isa = PBXFileReference; lastKnownFileType = text.plist.xml; path = Info.plist; sourceTree = "<group>"; };
		A778BF122228C7D500DCC82D /* PockemonUITests.xctest */ = {isa = PBXFileReference; explicitFileType = wrapper.cfbundle; includeInIndex = 0; path = PockemonUITests.xctest; sourceTree = BUILT_PRODUCTS_DIR; };
		A778BF162228C7D600DCC82D /* PockemonUITests.swift */ = {isa = PBXFileReference; lastKnownFileType = sourcecode.swift; path = PockemonUITests.swift; sourceTree = "<group>"; };
		A778BF182228C7D600DCC82D /* Info.plist */ = {isa = PBXFileReference; lastKnownFileType = text.plist.xml; path = Info.plist; sourceTree = "<group>"; };
		A778BF262228F3E000DCC82D /* Pockemon.swift */ = {isa = PBXFileReference; lastKnownFileType = sourcecode.swift; name = Pockemon.swift; path = "/Users/victorgarcia/Desktop/DIANA MANZANO APP2/Pockemon/Pockemon/Pockemon.swift"; sourceTree = "<absolute>"; };
		C03E85DC66DCEFFE48A9C15A /* Pods-Pockemon.debug.xcconfig */ = {isa = PBXFileReference; includeInIndex = 1; lastKnownFileType = text.xcconfig; name = "Pods-Pockemon.debug.xcconfig"; path = "Target Support Files/Pods-Pockemon/Pods-Pockemon.debug.xcconfig"; sourceTree = "<group>"; };
		D3CC505D3DCFA8784380D8EE /* Pods-PockemonUITests.release.xcconfig */ = {isa = PBXFileReference; includeInIndex = 1; lastKnownFileType = text.xcconfig; name = "Pods-PockemonUITests.release.xcconfig"; path = "Target Support Files/Pods-PockemonUITests/Pods-PockemonUITests.release.xcconfig"; sourceTree = "<group>"; };
		DC5333F4B04D9CAE05F4D24E /* Pods_Pockemon.framework */ = {isa = PBXFileReference; explicitFileType = wrapper.framework; includeInIndex = 0; path = Pods_Pockemon.framework; sourceTree = BUILT_PRODUCTS_DIR; };
/* End PBXFileReference section */

/* Begin PBXFrameworksBuildPhase section */
		A778BEF02228C7D400DCC82D /* Frameworks */ = {
			isa = PBXFrameworksBuildPhase;
			buildActionMask = 2147483647;
			files = (
				BBB24CFB7FEDEC76B0AAF08E /* Pods_Pockemon.framework in Frameworks */,
			);
			runOnlyForDeploymentPostprocessing = 0;
		};
		A778BF042228C7D500DCC82D /* Frameworks */ = {
			isa = PBXFrameworksBuildPhase;
			buildActionMask = 2147483647;
			files = (
				24B95A63CC2028747C5FE64C /* Pods_PockemonTests.framework in Frameworks */,
			);
			runOnlyForDeploymentPostprocessing = 0;
		};
		A778BF0F2228C7D500DCC82D /* Frameworks */ = {
			isa = PBXFrameworksBuildPhase;
			buildActionMask = 2147483647;
			files = (
				2E10F82E373B7A6A7537B0A3 /* Pods_PockemonUITests.framework in Frameworks */,
			);
			runOnlyForDeploymentPostprocessing = 0;
		};
/* End PBXFrameworksBuildPhase section */

/* Begin PBXGroup section */
		81BBD47B8828BA95B6A29C8F /* Pods */ = {
			isa = PBXGroup;
			children = (
				C03E85DC66DCEFFE48A9C15A /* Pods-Pockemon.debug.xcconfig */,
				A57D0B99DFC31FBE08762646 /* Pods-Pockemon.release.xcconfig */,
				9107D5A2958C59E4967AC47B /* Pods-PockemonTests.debug.xcconfig */,
				9A388BBF4B9CE216E734269A /* Pods-PockemonTests.release.xcconfig */,
				9B968DB0300FFADE264B2A36 /* Pods-PockemonUITests.debug.xcconfig */,
				D3CC505D3DCFA8784380D8EE /* Pods-PockemonUITests.release.xcconfig */,
			);
			path = Pods;
			sourceTree = "<group>";
		};
		A778BEEA2228C7D400DCC82D = {
			isa = PBXGroup;
			children = (
				A778BEF52228C7D400DCC82D /* Pockemon */,
				A778BF0A2228C7D500DCC82D /* PockemonTests */,
				A778BF152228C7D600DCC82D /* PockemonUITests */,
				A778BEF42228C7D400DCC82D /* Products */,
				81BBD47B8828BA95B6A29C8F /* Pods */,
				C27CD19C46553BB8FD5E9F3C /* Frameworks */,
			);
			sourceTree = "<group>";
		};
		A778BEF42228C7D400DCC82D /* Products */ = {
			isa = PBXGroup;
			children = (
				A778BEF32228C7D400DCC82D /* Pockemon.app */,
				A778BF072228C7D500DCC82D /* PockemonTests.xctest */,
				A778BF122228C7D500DCC82D /* PockemonUITests.xctest */,
			);
			name = Products;
			sourceTree = "<group>";
		};
		A778BEF52228C7D400DCC82D /* Pockemon */ = {
			isa = PBXGroup;
			children = (
				A778BF262228F3E000DCC82D /* Pockemon.swift */,
				A778BEF62228C7D400DCC82D /* AppDelegate.swift */,
				A778BEF82228C7D400DCC82D /* ViewController.swift */,
				A778BEFA2228C7D400DCC82D /* Main.storyboard */,
				A778BEFD2228C7D500DCC82D /* Assets.xcassets */,
				A778BEFF2228C7D500DCC82D /* LaunchScreen.storyboard */,
				A778BF022228C7D500DCC82D /* Info.plist */,
			);
			path = Pockemon;
			sourceTree = "<group>";
		};
		A778BF0A2228C7D500DCC82D /* PockemonTests */ = {
			isa = PBXGroup;
			children = (
				A778BF0B2228C7D500DCC82D /* PockemonTests.swift */,
				A778BF0D2228C7D500DCC82D /* Info.plist */,
			);
			path = PockemonTests;
			sourceTree = "<group>";
		};
		A778BF152228C7D600DCC82D /* PockemonUITests */ = {
			isa = PBXGroup;
			children = (
				A778BF162228C7D600DCC82D /* PockemonUITests.swift */,
				A778BF182228C7D600DCC82D /* Info.plist */,
			);
			path = PockemonUITests;
			sourceTree = "<group>";
		};
		C27CD19C46553BB8FD5E9F3C /* Frameworks */ = {
			isa = PBXGroup;
			children = (
				DC5333F4B04D9CAE05F4D24E /* Pods_Pockemon.framework */,
				8F1539F85E284C51FB81E645 /* Pods_PockemonTests.framework */,
				0BC561F1A16F324B71B68A01 /* Pods_PockemonUITests.framework */,
			);
			name = Frameworks;
			sourceTree = "<group>";
		};
/* End PBXGroup section */

/* Begin PBXNativeTarget section */
		A778BEF22228C7D400DCC82D /* Pockemon */ = {
			isa = PBXNativeTarget;
			buildConfigurationList = A778BF1B2228C7D600DCC82D /* Build configuration list for PBXNativeTarget "Pockemon" */;
			buildPhases = (
				CED0A8E9E1DCE02DCB11CDB0 /* [CP] Check Pods Manifest.lock */,
				A778BEEF2228C7D400DCC82D /* Sources */,
				A778BEF02228C7D400DCC82D /* Frameworks */,
				A778BEF12228C7D400DCC82D /* Resources */,
				AB69031F96AF23C9D1C15E3C /* [CP] Copy Pods Resources */,
			);
			buildRules = (
			);
			dependencies = (
			);
			name = Pockemon;
			productName = Pockemon;
			productReference = A778BEF32228C7D400DCC82D /* Pockemon.app */;
			productType = "com.apple.product-type.application";
		};
		A778BF062228C7D500DCC82D /* PockemonTests */ = {
			isa = PBXNativeTarget;
			buildConfigurationList = A778BF1E2228C7D600DCC82D /* Build configuration list for PBXNativeTarget "PockemonTests" */;
			buildPhases = (
				0F85B44ADA61E3C8EA47826A /* [CP] Check Pods Manifest.lock */,
				A778BF032228C7D500DCC82D /* Sources */,
				A778BF042228C7D500DCC82D /* Frameworks */,
				A778BF052228C7D500DCC82D /* Resources */,
			);
			buildRules = (
			);
			dependencies = (
				A778BF092228C7D500DCC82D /* PBXTargetDependency */,
			);
			name = PockemonTests;
			productName = PockemonTests;
			productReference = A778BF072228C7D500DCC82D /* PockemonTests.xctest */;
			productType = "com.apple.product-type.bundle.unit-test";
		};
		A778BF112228C7D500DCC82D /* PockemonUITests */ = {
			isa = PBXNativeTarget;
			buildConfigurationList = A778BF212228C7D600DCC82D /* Build configuration list for PBXNativeTarget "PockemonUITests" */;
			buildPhases = (
				E77AB75A65F74022019290C5 /* [CP] Check Pods Manifest.lock */,
				A778BF0E2228C7D500DCC82D /* Sources */,
				A778BF0F2228C7D500DCC82D /* Frameworks */,
				A778BF102228C7D500DCC82D /* Resources */,
			);
			buildRules = (
			);
			dependencies = (
				A778BF142228C7D600DCC82D /* PBXTargetDependency */,
			);
			name = PockemonUITests;
			productName = PockemonUITests;
			productReference = A778BF122228C7D500DCC82D /* PockemonUITests.xctest */;
			productType = "com.apple.product-type.bundle.ui-testing";
		};
/* End PBXNativeTarget section */

/* Begin PBXProject section */
		A778BEEB2228C7D400DCC82D /* Project object */ = {
			isa = PBXProject;
			attributes = {
				LastSwiftUpdateCheck = 1000;
				LastUpgradeCheck = 1000;
				ORGANIZATIONNAME = "diana manzano";
				TargetAttributes = {
					A778BEF22228C7D400DCC82D = {
						CreatedOnToolsVersion = 10.0;
					};
					A778BF062228C7D500DCC82D = {
						CreatedOnToolsVersion = 10.0;
						TestTargetID = A778BEF22228C7D400DCC82D;
					};
					A778BF112228C7D500DCC82D = {
						CreatedOnToolsVersion = 10.0;
						TestTargetID = A778BEF22228C7D400DCC82D;
					};
				};
			};
			buildConfigurationList = A778BEEE2228C7D400DCC82D /* Build configuration list for PBXProject "Pockemon" */;
			compatibilityVersion = "Xcode 9.3";
			developmentRegion = en;
			hasScannedForEncodings = 0;
			knownRegions = (
				en,
				Base,
			);
			mainGroup = A778BEEA2228C7D400DCC82D;
			productRefGroup = A778BEF42228C7D400DCC82D /* Products */;
			projectDirPath = "";
			projectRoot = "";
			targets = (
				A778BEF22228C7D400DCC82D /* Pockemon */,
				A778BF062228C7D500DCC82D /* PockemonTests */,
				A778BF112228C7D500DCC82D /* PockemonUITests */,
			);
		};
/* End PBXProject section */

/* Begin PBXResourcesBuildPhase section */
		A778BEF12228C7D400DCC82D /* Resources */ = {
			isa = PBXResourcesBuildPhase;
			buildActionMask = 2147483647;
			files = (
				A778BF012228C7D500DCC82D /* LaunchScreen.storyboard in Resources */,
				A778BEFE2228C7D500DCC82D /* Assets.xcassets in Resources */,
				A778BEFC2228C7D400DCC82D /* Main.storyboard in Resources */,
			);
			runOnlyForDeploymentPostprocessing = 0;
		};
		A778BF052228C7D500DCC82D /* Resources */ = {
			isa = PBXResourcesBuildPhase;
			buildActionMask = 2147483647;
			files = (
			);
			runOnlyForDeploymentPostprocessing = 0;
		};
		A778BF102228C7D500DCC82D /* Resources */ = {
			isa = PBXResourcesBuildPhase;
			buildActionMask = 2147483647;
			files = (
			);
			runOnlyForDeploymentPostprocessing = 0;
		};
/* End PBXResourcesBuildPhase section */

/* Begin PBXShellScriptBuildPhase section */
		0F85B44ADA61E3C8EA47826A /* [CP] Check Pods Manifest.lock */ = {
			isa = PBXShellScriptBuildPhase;
			buildActionMask = 2147483647;
			files = (
			);
			inputFileListPaths = (
			);
			inputPaths = (
				"${PODS_PODFILE_DIR_PATH}/Podfile.lock",
				"${PODS_ROOT}/Manifest.lock",
			);
			name = "[CP] Check Pods Manifest.lock";
			outputFileListPaths = (
			);
			outputPaths = (
				"$(DERIVED_FILE_DIR)/Pods-PockemonTests-checkManifestLockResult.txt",
			);
			runOnlyForDeploymentPostprocessing = 0;
			shellPath = /bin/sh;
			shellScript = "diff \"${PODS_PODFILE_DIR_PATH}/Podfile.lock\" \"${PODS_ROOT}/Manifest.lock\" > /dev/null\nif [ $? != 0 ] ; then\n    # print error to STDERR\n    echo \"error: The sandbox is not in sync with the Podfile.lock. Run 'pod install' or update your CocoaPods installation.\" >&2\n    exit 1\nfi\n# This output is used by Xcode 'outputs' to avoid re-running this script phase.\necho \"SUCCESS\" > \"${SCRIPT_OUTPUT_FILE_0}\"\n";
			showEnvVarsInLog = 0;
		};
		AB69031F96AF23C9D1C15E3C /* [CP] Copy Pods Resources */ = {
			isa = PBXShellScriptBuildPhase;
			buildActionMask = 2147483647;
			files = (
			);
			inputFileListPaths = (
			);
			inputPaths = (
				"${PODS_ROOT}/Target Support Files/Pods-Pockemon/Pods-Pockemon-resources.sh",
				"${PODS_ROOT}/GoogleMaps/Maps/Frameworks/GoogleMaps.framework/Resources/GoogleMaps.bundle",
				"${PODS_ROOT}/GooglePlaces/Frameworks/GooglePlaces.framework/Resources/GooglePlaces.bundle",
			);
			name = "[CP] Copy Pods Resources";
			outputFileListPaths = (
			);
			outputPaths = (
				"${TARGET_BUILD_DIR}/${UNLOCALIZED_RESOURCES_FOLDER_PATH}/GoogleMaps.bundle",
				"${TARGET_BUILD_DIR}/${UNLOCALIZED_RESOURCES_FOLDER_PATH}/GooglePlaces.bundle",
			);
			runOnlyForDeploymentPostprocessing = 0;
			shellPath = /bin/sh;
			shellScript = "\"${PODS_ROOT}/Target Support Files/Pods-Pockemon/Pods-Pockemon-resources.sh\"\n";
			showEnvVarsInLog = 0;
		};
		CED0A8E9E1DCE02DCB11CDB0 /* [CP] Check Pods Manifest.lock */ = {
			isa = PBXShellScriptBuildPhase;
			buildActionMask = 2147483647;
			files = (
			);
			inputFileListPaths = (
			);
			inputPaths = (
				"${PODS_PODFILE_DIR_PATH}/Podfile.lock",
				"${PODS_ROOT}/Manifest.lock",
			);
			name = "[CP] Check Pods Manifest.lock";
			outputFileListPaths = (
			);
			outputPaths = (
				"$(DERIVED_FILE_DIR)/Pods-Pockemon-checkManifestLockResult.txt",
			);
			runOnlyForDeploymentPostprocessing = 0;
			shellPath = /bin/sh;
			shellScript = "diff \"${PODS_PODFILE_DIR_PATH}/Podfile.lock\" \"${PODS_ROOT}/Manifest.lock\" > /dev/null\nif [ $? != 0 ] ; then\n    # print error to STDERR\n    echo \"error: The sandbox is not in sync with the Podfile.lock. Run 'pod install' or update your CocoaPods installation.\" >&2\n    exit 1\nfi\n# This output is used by Xcode 'outputs' to avoid re-running this script phase.\necho \"SUCCESS\" > \"${SCRIPT_OUTPUT_FILE_0}\"\n";
			showEnvVarsInLog = 0;
		};
		E77AB75A65F74022019290C5 /* [CP] Check Pods Manifest.lock */ = {
			isa = PBXShellScriptBuildPhase;
			buildActionMask = 2147483647;
			files = (
			);
			inputFileListPaths = (
			);
			inputPaths = (
				"${PODS_PODFILE_DIR_PATH}/Podfile.lock",
				"${PODS_ROOT}/Manifest.lock",
			);
			name = "[CP] Check Pods Manifest.lock";
			outputFileListPaths = (
			);
			outputPaths = (
				"$(DERIVED_FILE_DIR)/Pods-PockemonUITests-checkManifestLockResult.txt",
			);
			runOnlyForDeploymentPostprocessing = 0;
			shellPath = /bin/sh;
			shellScript = "diff \"${PODS_PODFILE_DIR_PATH}/Podfile.lock\" \"${PODS_ROOT}/Manifest.lock\" > /dev/null\nif [ $? != 0 ] ; then\n    # print error to STDERR\n    echo \"error: The sandbox is not in sync with the Podfile.lock. Run 'pod install' or update your CocoaPods installation.\" >&2\n    exit 1\nfi\n# This output is used by Xcode 'outputs' to avoid re-running this script phase.\necho \"SUCCESS\" > \"${SCRIPT_OUTPUT_FILE_0}\"\n";
			showEnvVarsInLog = 0;
		};
/* End PBXShellScriptBuildPhase section */

/* Begin PBXSourcesBuildPhase section */
		A778BEEF2228C7D400DCC82D /* Sources */ = {
			isa = PBXSourcesBuildPhase;
			buildActionMask = 2147483647;
			files = (
				A778BEF92228C7D400DCC82D /* ViewController.swift in Sources */,
				A778BF272228F3E000DCC82D /* Pockemon.swift in Sources */,
				A778BEF72228C7D400DCC82D /* AppDelegate.swift in Sources */,
			);
			runOnlyForDeploymentPostprocessing = 0;
		};
		A778BF032228C7D500DCC82D /* Sources */ = {
			isa = PBXSourcesBuildPhase;
			buildActionMask = 2147483647;
			files = (
				A778BF0C2228C7D500DCC82D /* PockemonTests.swift in Sources */,
			);
			runOnlyForDeploymentPostprocessing = 0;
		};
		A778BF0E2228C7D500DCC82D /* Sources */ = {
			isa = PBXSourcesBuildPhase;
			buildActionMask = 2147483647;
			files = (
				A778BF172228C7D600DCC82D /* PockemonUITests.swift in Sources */,
			);
			runOnlyForDeploymentPostprocessing = 0;
		};
/* End PBXSourcesBuildPhase section */

/* Begin PBXTargetDependency section */
		A778BF092228C7D500DCC82D /* PBXTargetDependency */ = {
			isa = PBXTargetDependency;
			target = A778BEF22228C7D400DCC82D /* Pockemon */;
			targetProxy = A778BF082228C7D500DCC82D /* PBXContainerItemProxy */;
		};
		A778BF142228C7D600DCC82D /* PBXTargetDependency */ = {
			isa = PBXTargetDependency;
			target = A778BEF22228C7D400DCC82D /* Pockemon */;
			targetProxy = A778BF132228C7D600DCC82D /* PBXContainerItemProxy */;
		};
/* End PBXTargetDependency section */

/* Begin PBXVariantGroup section */
		A778BEFA2228C7D400DCC82D /* Main.storyboard */ = {
			isa = PBXVariantGroup;
			children = (
				A778BEFB2228C7D400DCC82D /* Base */,
			);
			name = Main.storyboard;
			sourceTree = "<group>";
		};
		A778BEFF2228C7D500DCC82D /* LaunchScreen.storyboard */ = {
			isa = PBXVariantGroup;
			children = (
				A778BF002228C7D500DCC82D /* Base */,
			);
			name = LaunchScreen.storyboard;
			sourceTree = "<group>";
		};
/* End PBXVariantGroup section */

/* Begin XCBuildConfiguration section */
		A778BF192228C7D600DCC82D /* Debug */ = {
			isa = XCBuildConfiguration;
			buildSettings = {
				ALWAYS_SEARCH_USER_PATHS = NO;
				CLANG_ANALYZER_NONNULL = YES;
				CLANG_ANALYZER_NUMBER_OBJECT_CONVERSION = YES_AGGRESSIVE;
				CLANG_CXX_LANGUAGE_STANDARD = "gnu++14";
				CLANG_CXX_LIBRARY = "libc++";
				CLANG_ENABLE_MODULES = YES;
				CLANG_ENABLE_OBJC_ARC = YES;
				CLANG_ENABLE_OBJC_WEAK = YES;
				CLANG_WARN_BLOCK_CAPTURE_AUTORELEASING = YES;
				CLANG_WARN_BOOL_CONVERSION = YES;
				CLANG_WARN_COMMA = YES;
				CLANG_WARN_CONSTANT_CONVERSION = YES;
				CLANG_WARN_DEPRECATED_OBJC_IMPLEMENTATIONS = YES;
				CLANG_WARN_DIRECT_OBJC_ISA_USAGE = YES_ERROR;
				CLANG_WARN_DOCUMENTATION_COMMENTS = YES;
				CLANG_WARN_EMPTY_BODY = YES;
				CLANG_WARN_ENUM_CONVERSION = YES;
				CLANG_WARN_INFINITE_RECURSION = YES;
				CLANG_WARN_INT_CONVERSION = YES;
				CLANG_WARN_NON_LITERAL_NULL_CONVERSION = YES;
				CLANG_WARN_OBJC_IMPLICIT_RETAIN_SELF = YES;
				CLANG_WARN_OBJC_LITERAL_CONVERSION = YES;
				CLANG_WARN_OBJC_ROOT_CLASS = YES_ERROR;
				CLANG_WARN_RANGE_LOOP_ANALYSIS = YES;
				CLANG_WARN_STRICT_PROTOTYPES = YES;
				CLANG_WARN_SUSPICIOUS_MOVE = YES;
				CLANG_WARN_UNGUARDED_AVAILABILITY = YES_AGGRESSIVE;
				CLANG_WARN_UNREACHABLE_CODE = YES;
				CLANG_WARN__DUPLICATE_METHOD_MATCH = YES;
				CODE_SIGN_IDENTITY = "iPhone Developer";
				COPY_PHASE_STRIP = NO;
				DEBUG_INFORMATION_FORMAT = dwarf;
				ENABLE_STRICT_OBJC_MSGSEND = YES;
				ENABLE_TESTABILITY = YES;
				GCC_C_LANGUAGE_STANDARD = gnu11;
				GCC_DYNAMIC_NO_PIC = NO;
				GCC_NO_COMMON_BLOCKS = YES;
				GCC_OPTIMIZATION_LEVEL = 0;
				GCC_PREPROCESSOR_DEFINITIONS = (
					"DEBUG=1",
					"$(inherited)",
				);
				GCC_WARN_64_TO_32_BIT_CONVERSION = YES;
				GCC_WARN_ABOUT_RETURN_TYPE = YES_ERROR;
				GCC_WARN_UNDECLARED_SELECTOR = YES;
				GCC_WARN_UNINITIALIZED_AUTOS = YES_AGGRESSIVE;
				GCC_WARN_UNUSED_FUNCTION = YES;
				GCC_WARN_UNUSED_VARIABLE = YES;
				IPHONEOS_DEPLOYMENT_TARGET = 12.0;
				MTL_ENABLE_DEBUG_INFO = INCLUDE_SOURCE;
				MTL_FAST_MATH = YES;
				ONLY_ACTIVE_ARCH = YES;
				SDKROOT = iphoneos;
				SWIFT_ACTIVE_COMPILATION_CONDITIONS = DEBUG;
				SWIFT_OPTIMIZATION_LEVEL = "-Onone";
			};
			name = Debug;
		};
		A778BF1A2228C7D600DCC82D /* Release */ = {
			isa = XCBuildConfiguration;
			buildSettings = {
				ALWAYS_SEARCH_USER_PATHS = NO;
				CLANG_ANALYZER_NONNULL = YES;
				CLANG_ANALYZER_NUMBER_OBJECT_CONVERSION = YES_AGGRESSIVE;
				CLANG_CXX_LANGUAGE_STANDARD = "gnu++14";
				CLANG_CXX_LIBRARY = "libc++";
				CLANG_ENABLE_MODULES = YES;
				CLANG_ENABLE_OBJC_ARC = YES;
				CLANG_ENABLE_OBJC_WEAK = YES;
				CLANG_WARN_BLOCK_CAPTURE_AUTORELEASING = YES;
				CLANG_WARN_BOOL_CONVERSION = YES;
				CLANG_WARN_COMMA = YES;
				CLANG_WARN_CONSTANT_CONVERSION = YES;
				CLANG_WARN_DEPRECATED_OBJC_IMPLEMENTATIONS = YES;
				CLANG_WARN_DIRECT_OBJC_ISA_USAGE = YES_ERROR;
				CLANG_WARN_DOCUMENTATION_COMMENTS = YES;
				CLANG_WARN_EMPTY_BODY = YES;
				CLANG_WARN_ENUM_CONVERSION = YES;
				CLANG_WARN_INFINITE_RECURSION = YES;
				CLANG_WARN_INT_CONVERSION = YES;
				CLANG_WARN_NON_LITERAL_NULL_CONVERSION = YES;
				CLANG_WARN_OBJC_IMPLICIT_RETAIN_SELF = YES;
				CLANG_WARN_OBJC_LITERAL_CONVERSION = YES;
				CLANG_WARN_OBJC_ROOT_CLASS = YES_ERROR;
				CLANG_WARN_RANGE_LOOP_ANALYSIS = YES;
				CLANG_WARN_STRICT_PROTOTYPES = YES;
				CLANG_WARN_SUSPICIOUS_MOVE = YES;
				CLANG_WARN_UNGUARDED_AVAILABILITY = YES_AGGRESSIVE;
				CLANG_WARN_UNREACHABLE_CODE = YES;
				CLANG_WARN__DUPLICATE_METHOD_MATCH = YES;
				CODE_SIGN_IDENTITY = "iPhone Developer";
				COPY_PHASE_STRIP = NO;
				DEBUG_INFORMATION_FORMAT = "dwarf-with-dsym";
				ENABLE_NS_ASSERTIONS = NO;
				ENABLE_STRICT_OBJC_MSGSEND = YES;
				GCC_C_LANGUAGE_STANDARD = gnu11;
				GCC_NO_COMMON_BLOCKS = YES;
				GCC_WARN_64_TO_32_BIT_CONVERSION = YES;
				GCC_WARN_ABOUT_RETURN_TYPE = YES_ERROR;
				GCC_WARN_UNDECLARED_SELECTOR = YES;
				GCC_WARN_UNINITIALIZED_AUTOS = YES_AGGRESSIVE;
				GCC_WARN_UNUSED_FUNCTION = YES;
				GCC_WARN_UNUSED_VARIABLE = YES;
				IPHONEOS_DEPLOYMENT_TARGET = 12.0;
				MTL_ENABLE_DEBUG_INFO = NO;
				MTL_FAST_MATH = YES;
				SDKROOT = iphoneos;
				SWIFT_COMPILATION_MODE = wholemodule;
				SWIFT_OPTIMIZATION_LEVEL = "-O";
				VALIDATE_PRODUCT = YES;
			};
			name = Release;
		};
		A778BF1C2228C7D600DCC82D /* Debug */ = {
			isa = XCBuildConfiguration;
			baseConfigurationReference = C03E85DC66DCEFFE48A9C15A /* Pods-Pockemon.debug.xcconfig */;
			buildSettings = {
				ASSETCATALOG_COMPILER_APPICON_NAME = AppIcon;
				CODE_SIGN_STYLE = Automatic;
				INFOPLIST_FILE = Pockemon/Info.plist;
				LD_RUNPATH_SEARCH_PATHS = (
					"$(inherited)",
					"@executable_path/Frameworks",
				);
				PRODUCT_BUNDLE_IDENTIFIER = utng.dlma.com.Pockemon;
				PRODUCT_NAME = "$(TARGET_NAME)";
				SWIFT_VERSION = 4.2;
				TARGETED_DEVICE_FAMILY = "1,2";
			};
			name = Debug;
		};
		A778BF1D2228C7D600DCC82D /* Release */ = {
			isa = XCBuildConfiguration;
			baseConfigurationReference = A57D0B99DFC31FBE08762646 /* Pods-Pockemon.release.xcconfig */;
			buildSettings = {
				ASSETCATALOG_COMPILER_APPICON_NAME = AppIcon;
				CODE_SIGN_STYLE = Automatic;
				INFOPLIST_FILE = Pockemon/Info.plist;
				LD_RUNPATH_SEARCH_PATHS = (
					"$(inherited)",
					"@executable_path/Frameworks",
				);
				PRODUCT_BUNDLE_IDENTIFIER = utng.dlma.com.Pockemon;
				PRODUCT_NAME = "$(TARGET_NAME)";
				SWIFT_VERSION = 4.2;
				TARGETED_DEVICE_FAMILY = "1,2";
			};
			name = Release;
		};
		A778BF1F2228C7D600DCC82D /* Debug */ = {
			isa = XCBuildConfiguration;
			baseConfigurationReference = 9107D5A2958C59E4967AC47B /* Pods-PockemonTests.debug.xcconfig */;
			buildSettings = {
				ALWAYS_EMBED_SWIFT_STANDARD_LIBRARIES = YES;
				BUNDLE_LOADER = "$(TEST_HOST)";
				CODE_SIGN_STYLE = Automatic;
				INFOPLIST_FILE = PockemonTests/Info.plist;
				LD_RUNPATH_SEARCH_PATHS = (
					"$(inherited)",
					"@executable_path/Frameworks",
					"@loader_path/Frameworks",
				);
				PRODUCT_BUNDLE_IDENTIFIER = utng.dlma.com.PockemonTests;
				PRODUCT_NAME = "$(TARGET_NAME)";
				SWIFT_VERSION = 4.2;
				TARGETED_DEVICE_FAMILY = "1,2";
				TEST_HOST = "$(BUILT_PRODUCTS_DIR)/Pockemon.app/Pockemon";
			};
			name = Debug;
		};
		A778BF202228C7D600DCC82D /* Release */ = {
			isa = XCBuildConfiguration;
			baseConfigurationReference = 9A388BBF4B9CE216E734269A /* Pods-PockemonTests.release.xcconfig */;
			buildSettings = {
				ALWAYS_EMBED_SWIFT_STANDARD_LIBRARIES = YES;
				BUNDLE_LOADER = "$(TEST_HOST)";
				CODE_SIGN_STYLE = Automatic;
				INFOPLIST_FILE = PockemonTests/Info.plist;
				LD_RUNPATH_SEARCH_PATHS = (
					"$(inherited)",
					"@executable_path/Frameworks",
					"@loader_path/Frameworks",
				);
				PRODUCT_BUNDLE_IDENTIFIER = utng.dlma.com.PockemonTests;
				PRODUCT_NAME = "$(TARGET_NAME)";
				SWIFT_VERSION = 4.2;
				TARGETED_DEVICE_FAMILY = "1,2";
				TEST_HOST = "$(BUILT_PRODUCTS_DIR)/Pockemon.app/Pockemon";
			};
			name = Release;
		};
		A778BF222228C7D600DCC82D /* Debug */ = {
			isa = XCBuildConfiguration;
			baseConfigurationReference = 9B968DB0300FFADE264B2A36 /* Pods-PockemonUITests.debug.xcconfig */;
			buildSettings = {
				ALWAYS_EMBED_SWIFT_STANDARD_LIBRARIES = YES;
				CODE_SIGN_STYLE = Automatic;
				INFOPLIST_FILE = PockemonUITests/Info.plist;
				LD_RUNPATH_SEARCH_PATHS = (
					"$(inherited)",
					"@executable_path/Frameworks",
					"@loader_path/Frameworks",
				);
				PRODUCT_BUNDLE_IDENTIFIER = utng.dlma.com.PockemonUITests;
				PRODUCT_NAME = "$(TARGET_NAME)";
				SWIFT_VERSION = 4.2;
				TARGETED_DEVICE_FAMILY = "1,2";
				TEST_TARGET_NAME = Pockemon;
			};
			name = Debug;
		};
		A778BF232228C7D600DCC82D /* Release */ = {
			isa = XCBuildConfiguration;
			baseConfigurationReference = D3CC505D3DCFA8784380D8EE /* Pods-PockemonUITests.release.xcconfig */;
			buildSettings = {
				ALWAYS_EMBED_SWIFT_STANDARD_LIBRARIES = YES;
				CODE_SIGN_STYLE = Automatic;
				INFOPLIST_FILE = PockemonUITests/Info.plist;
				LD_RUNPATH_SEARCH_PATHS = (
					"$(inherited)",
					"@executable_path/Frameworks",
					"@loader_path/Frameworks",
				);
				PRODUCT_BUNDLE_IDENTIFIER = utng.dlma.com.PockemonUITests;
				PRODUCT_NAME = "$(TARGET_NAME)";
				SWIFT_VERSION = 4.2;
				TARGETED_DEVICE_FAMILY = "1,2";
				TEST_TARGET_NAME = Pockemon;
			};
			name = Release;
		};
/* End XCBuildConfiguration section */

/* Begin XCConfigurationList section */
		A778BEEE2228C7D400DCC82D /* Build configuration list for PBXProject "Pockemon" */ = {
			isa = XCConfigurationList;
			buildConfigurations = (
				A778BF192228C7D600DCC82D /* Debug */,
				A778BF1A2228C7D600DCC82D /* Release */,
			);
			defaultConfigurationIsVisible = 0;
			defaultConfigurationName = Release;
		};
		A778BF1B2228C7D600DCC82D /* Build configuration list for PBXNativeTarget "Pockemon" */ = {
			isa = XCConfigurationList;
			buildConfigurations = (
				A778BF1C2228C7D600DCC82D /* Debug */,
				A778BF1D2228C7D600DCC82D /* Release */,
			);
			defaultConfigurationIsVisible = 0;
			defaultConfigurationName = Release;
		};
		A778BF1E2228C7D600DCC82D /* Build configuration list for PBXNativeTarget "PockemonTests" */ = {
			isa = XCConfigurationList;
			buildConfigurations = (
				A778BF1F2228C7D600DCC82D /* Debug */,
				A778BF202228C7D600DCC82D /* Release */,
			);
			defaultConfigurationIsVisible = 0;
			defaultConfigurationName = Release;
		};
		A778BF212228C7D600DCC82D /* Build configuration list for PBXNativeTarget "PockemonUITests" */ = {
			isa = XCConfigurationList;
			buildConfigurations = (
				A778BF222228C7D600DCC82D /* Debug */,
				A778BF232228C7D600DCC82D /* Release */,
			);
			defaultConfigurationIsVisible = 0;
			defaultConfigurationName = Release;
		};
/* End XCConfigurationList section */
	};
	rootObject = A778BEEB2228C7D400DCC82D /* Project object */;
}
